
Microsoft Visual Studio Solution File, Format Version 12.00
# Visual Studio Version 17
VisualStudioVersion = 17.4.33213.308
MinimumVisualStudioVersion = 10.0.40219.1
Project("{FAE04EC0-301F-11D3-BF4B-00C04F79EFBC}") = "Pilgrim_Assignment_3", "Pilgrim_Assignment_3.csproj", "{32E2E09D-C0FF-479A-B7D6-ADCDE9656CDE}"
EndProject
Global
	GlobalSection(SolutionConfigurationPlatforms) = preSolution
		Debug|Any CPU = Debug|Any CPU
		Release|Any CPU = Release|Any CPU
	EndGlobalSection
	GlobalSection(ProjectConfigurationPlatforms) = postSolution
		{32E2E09D-C0FF-479A-B7D6-ADCDE9656CDE}.Debug|Any CPU.ActiveCfg = Debug|Any CPU
		{32E2E09D-C0FF-479A-B7D6-ADCDE9656CDE}.Debug|Any CPU.Build.0 = Debug|Any CPU
		{32E2E09D-C0FF-479A-B7D6-ADCDE9656CDE}.Release|Any CPU.ActiveCfg = Release|Any CPU
		{32E2E09D-C0FF-479A-B7D6-ADCDE9656CDE}.Release|Any CPU.Build.0 = Release|Any CPU
	EndGlobalSection
	GlobalSection(SolutionProperties) = preSolution
		HideSolutionNode = FALSE
	EndGlobalSection
	GlobalSection(ExtensibilityGlobals) = postSolution
		SolutionGuid = {B0182812-7290-4DE6-A9A3-077F1ACE796D}
	EndGlobalSection
EndGlobal
